// !$*UTF8*$!
{
	archiveVersion = 1;
	classes = {
	};
	objectVersion = 56;
	objects = {

/* Begin PBXBuildFile section */
		CE395FC72B0B2B2500522A2A /* Bundle-Decodable.swift in Sources */ = {isa = PBXBuildFile; fileRef = CE395FC62B0B2B2500522A2A /* Bundle-Decodable.swift */; };
		CE395FCA2B0B32E700522A2A /* Colors.xcassets in Resources */ = {isa = PBXBuildFile; fileRef = CE395FC82B0B32E700522A2A /* Colors.xcassets */; };
		CE395FCD2B0B339C00522A2A /* Award.swift in Sources */ = {isa = PBXBuildFile; fileRef = CE395FCC2B0B339C00522A2A /* Award.swift */; };
		CE395FCF2B0B347200522A2A /* AwardView.swift in Sources */ = {isa = PBXBuildFile; fileRef = CE395FCE2B0B347200522A2A /* AwardView.swift */; };
		CE395FD42B0B7CB100522A2A /* Localizable.strings in Resources */ = {isa = PBXBuildFile; fileRef = CE395FD62B0B7CB100522A2A /* Localizable.strings */; };
		CE395FD82B0B7D4400522A2A /* Localizable.stringsdict in Resources */ = {isa = PBXBuildFile; fileRef = CE395FDA2B0B7D4400522A2A /* Localizable.stringsdict */; };
		CE395FDC2B0B7FA700522A2A /* Awards.json in Resources */ = {isa = PBXBuildFile; fileRef = CE395FDE2B0B7FA700522A2A /* Awards.json */; };
		CE395FE12B0C35F800522A2A /* SidebarViewToolbar.swift in Sources */ = {isa = PBXBuildFile; fileRef = CE395FE02B0C35F800522A2A /* SidebarViewToolbar.swift */; };
		CE395FE32B0C38C800522A2A /* IssueViewToolbar.swift in Sources */ = {isa = PBXBuildFile; fileRef = CE395FE22B0C38C800522A2A /* IssueViewToolbar.swift */; };
		CE395FE52B0C3A0800522A2A /* ContentViewToolbar.swift in Sources */ = {isa = PBXBuildFile; fileRef = CE395FE42B0C3A0800522A2A /* ContentViewToolbar.swift */; };
		CE395FE72B0C3C5000522A2A /* TagsMenuView.swift in Sources */ = {isa = PBXBuildFile; fileRef = CE395FE62B0C3C5000522A2A /* TagsMenuView.swift */; };
		CE395FE92B0C3E3E00522A2A /* SmartFilterRow.swift in Sources */ = {isa = PBXBuildFile; fileRef = CE395FE82B0C3E3E00522A2A /* SmartFilterRow.swift */; };
		CE395FEB2B0C3F0900522A2A /* UserFilterRow.swift in Sources */ = {isa = PBXBuildFile; fileRef = CE395FEA2B0C3F0900522A2A /* UserFilterRow.swift */; };
		CE9B36182B099789004DB504 /* FeedbackAssistantApp.swift in Sources */ = {isa = PBXBuildFile; fileRef = CE9B36172B099789004DB504 /* FeedbackAssistantApp.swift */; };
		CE9B361A2B099789004DB504 /* ContentView.swift in Sources */ = {isa = PBXBuildFile; fileRef = CE9B36192B099789004DB504 /* ContentView.swift */; };
		CE9B361C2B09978A004DB504 /* Assets.xcassets in Resources */ = {isa = PBXBuildFile; fileRef = CE9B361B2B09978A004DB504 /* Assets.xcassets */; };
		CE9B36202B09978A004DB504 /* Preview Assets.xcassets in Resources */ = {isa = PBXBuildFile; fileRef = CE9B361F2B09978A004DB504 /* Preview Assets.xcassets */; };
		CE9B36282B09BB09004DB504 /* Main.xcdatamodeld in Sources */ = {isa = PBXBuildFile; fileRef = CE9B36262B09BB09004DB504 /* Main.xcdatamodeld */; };
		CE9B362A2B09BE68004DB504 /* DataController.swift in Sources */ = {isa = PBXBuildFile; fileRef = CE9B36292B09BE68004DB504 /* DataController.swift */; };
		CEFDA9402B09DDCB00FADC09 /* SidebarView.swift in Sources */ = {isa = PBXBuildFile; fileRef = CEFDA93F2B09DDCB00FADC09 /* SidebarView.swift */; };
		CEFDA9422B09DDE200FADC09 /* DetailView.swift in Sources */ = {isa = PBXBuildFile; fileRef = CEFDA9412B09DDE200FADC09 /* DetailView.swift */; };
		CEFDA9442B09DFA300FADC09 /* Filter.swift in Sources */ = {isa = PBXBuildFile; fileRef = CEFDA9432B09DFA300FADC09 /* Filter.swift */; };
		CEFDA9462B0A157300FADC09 /* Issue-CoreDataHelpers.swift in Sources */ = {isa = PBXBuildFile; fileRef = CEFDA9452B0A157300FADC09 /* Issue-CoreDataHelpers.swift */; };
		CEFDA9482B0A17B300FADC09 /* Tag-CoreDataHelpers.swift in Sources */ = {isa = PBXBuildFile; fileRef = CEFDA9472B0A17B300FADC09 /* Tag-CoreDataHelpers.swift */; };
		CEFDA94A2B0A268600FADC09 /* IssueRow.swift in Sources */ = {isa = PBXBuildFile; fileRef = CEFDA9492B0A268600FADC09 /* IssueRow.swift */; };
		CEFDA94C2B0A69C000FADC09 /* IssueView.swift in Sources */ = {isa = PBXBuildFile; fileRef = CEFDA94B2B0A69C000FADC09 /* IssueView.swift */; };
		CEFDA94E2B0A69C800FADC09 /* NoIssueView.swift in Sources */ = {isa = PBXBuildFile; fileRef = CEFDA94D2B0A69C800FADC09 /* NoIssueView.swift */; };
/* End PBXBuildFile section */

/* Begin PBXFileReference section */
		CE395FC62B0B2B2500522A2A /* Bundle-Decodable.swift */ = {isa = PBXFileReference; lastKnownFileType = sourcecode.swift; path = "Bundle-Decodable.swift"; sourceTree = "<group>"; };
		CE395FC82B0B32E700522A2A /* Colors.xcassets */ = {isa = PBXFileReference; lastKnownFileType = folder.assetcatalog; path = Colors.xcassets; sourceTree = "<group>"; };
		CE395FCC2B0B339C00522A2A /* Award.swift */ = {isa = PBXFileReference; lastKnownFileType = sourcecode.swift; path = Award.swift; sourceTree = "<group>"; };
		CE395FCE2B0B347200522A2A /* AwardView.swift */ = {isa = PBXFileReference; lastKnownFileType = sourcecode.swift; path = AwardView.swift; sourceTree = "<group>"; };
		CE395FD52B0B7CB100522A2A /* en */ = {isa = PBXFileReference; lastKnownFileType = text.plist.strings; name = en; path = en.lproj/Localizable.strings; sourceTree = "<group>"; };
		CE395FD72B0B7CC800522A2A /* hu */ = {isa = PBXFileReference; lastKnownFileType = text.plist.strings; name = hu; path = hu.lproj/Localizable.strings; sourceTree = "<group>"; };
		CE395FD92B0B7D4400522A2A /* en */ = {isa = PBXFileReference; lastKnownFileType = text.plist.stringsdict; name = en; path = en.lproj/Localizable.stringsdict; sourceTree = "<group>"; };
		CE395FDB2B0B7D4500522A2A /* hu */ = {isa = PBXFileReference; lastKnownFileType = text.plist.stringsdict; name = hu; path = hu.lproj/Localizable.stringsdict; sourceTree = "<group>"; };
		CE395FDD2B0B7FA700522A2A /* en */ = {isa = PBXFileReference; lastKnownFileType = text.json; name = en; path = en.lproj/Awards.json; sourceTree = "<group>"; };
		CE395FDF2B0B7FAB00522A2A /* hu */ = {isa = PBXFileReference; lastKnownFileType = text.json; name = hu; path = hu.lproj/Awards.json; sourceTree = "<group>"; };
		CE395FE02B0C35F800522A2A /* SidebarViewToolbar.swift */ = {isa = PBXFileReference; lastKnownFileType = sourcecode.swift; path = SidebarViewToolbar.swift; sourceTree = "<group>"; };
		CE395FE22B0C38C800522A2A /* IssueViewToolbar.swift */ = {isa = PBXFileReference; lastKnownFileType = sourcecode.swift; path = IssueViewToolbar.swift; sourceTree = "<group>"; };
		CE395FE42B0C3A0800522A2A /* ContentViewToolbar.swift */ = {isa = PBXFileReference; lastKnownFileType = sourcecode.swift; path = ContentViewToolbar.swift; sourceTree = "<group>"; };
		CE395FE62B0C3C5000522A2A /* TagsMenuView.swift */ = {isa = PBXFileReference; lastKnownFileType = sourcecode.swift; path = TagsMenuView.swift; sourceTree = "<group>"; };
		CE395FE82B0C3E3E00522A2A /* SmartFilterRow.swift */ = {isa = PBXFileReference; lastKnownFileType = sourcecode.swift; path = SmartFilterRow.swift; sourceTree = "<group>"; };
		CE395FEA2B0C3F0900522A2A /* UserFilterRow.swift */ = {isa = PBXFileReference; lastKnownFileType = sourcecode.swift; path = UserFilterRow.swift; sourceTree = "<group>"; };
		CE9B36142B099789004DB504 /* FeedbackAssistant.app */ = {isa = PBXFileReference; explicitFileType = wrapper.application; includeInIndex = 0; path = FeedbackAssistant.app; sourceTree = BUILT_PRODUCTS_DIR; };
		CE9B36172B099789004DB504 /* FeedbackAssistantApp.swift */ = {isa = PBXFileReference; lastKnownFileType = sourcecode.swift; path = FeedbackAssistantApp.swift; sourceTree = "<group>"; };
		CE9B36192B099789004DB504 /* ContentView.swift */ = {isa = PBXFileReference; lastKnownFileType = sourcecode.swift; path = ContentView.swift; sourceTree = "<group>"; };
		CE9B361B2B09978A004DB504 /* Assets.xcassets */ = {isa = PBXFileReference; lastKnownFileType = folder.assetcatalog; path = Assets.xcassets; sourceTree = "<group>"; };
		CE9B361D2B09978A004DB504 /* FeedbackAssistant.entitlements */ = {isa = PBXFileReference; lastKnownFileType = text.plist.entitlements; path = FeedbackAssistant.entitlements; sourceTree = "<group>"; };
		CE9B361F2B09978A004DB504 /* Preview Assets.xcassets */ = {isa = PBXFileReference; lastKnownFileType = folder.assetcatalog; path = "Preview Assets.xcassets"; sourceTree = "<group>"; };
		CE9B36272B09BB09004DB504 /* Main.xcdatamodel */ = {isa = PBXFileReference; lastKnownFileType = wrapper.xcdatamodel; path = Main.xcdatamodel; sourceTree = "<group>"; };
		CE9B36292B09BE68004DB504 /* DataController.swift */ = {isa = PBXFileReference; lastKnownFileType = sourcecode.swift; path = DataController.swift; sourceTree = "<group>"; };
		CEFDA93E2B09D89200FADC09 /* Info.plist */ = {isa = PBXFileReference; lastKnownFileType = text.plist; path = Info.plist; sourceTree = "<group>"; };
		CEFDA93F2B09DDCB00FADC09 /* SidebarView.swift */ = {isa = PBXFileReference; lastKnownFileType = sourcecode.swift; path = SidebarView.swift; sourceTree = "<group>"; };
		CEFDA9412B09DDE200FADC09 /* DetailView.swift */ = {isa = PBXFileReference; lastKnownFileType = sourcecode.swift; path = DetailView.swift; sourceTree = "<group>"; };
		CEFDA9432B09DFA300FADC09 /* Filter.swift */ = {isa = PBXFileReference; lastKnownFileType = sourcecode.swift; path = Filter.swift; sourceTree = "<group>"; };
		CEFDA9452B0A157300FADC09 /* Issue-CoreDataHelpers.swift */ = {isa = PBXFileReference; lastKnownFileType = sourcecode.swift; path = "Issue-CoreDataHelpers.swift"; sourceTree = "<group>"; };
		CEFDA9472B0A17B300FADC09 /* Tag-CoreDataHelpers.swift */ = {isa = PBXFileReference; lastKnownFileType = sourcecode.swift; path = "Tag-CoreDataHelpers.swift"; sourceTree = "<group>"; };
		CEFDA9492B0A268600FADC09 /* IssueRow.swift */ = {isa = PBXFileReference; lastKnownFileType = sourcecode.swift; path = IssueRow.swift; sourceTree = "<group>"; };
		CEFDA94B2B0A69C000FADC09 /* IssueView.swift */ = {isa = PBXFileReference; lastKnownFileType = sourcecode.swift; path = IssueView.swift; sourceTree = "<group>"; };
		CEFDA94D2B0A69C800FADC09 /* NoIssueView.swift */ = {isa = PBXFileReference; lastKnownFileType = sourcecode.swift; path = NoIssueView.swift; sourceTree = "<group>"; };
/* End PBXFileReference section */

/* Begin PBXFrameworksBuildPhase section */
		CE9B36112B099789004DB504 /* Frameworks */ = {
			isa = PBXFrameworksBuildPhase;
			buildActionMask = 2147483647;
			files = (
			);
			runOnlyForDeploymentPostprocessing = 0;
		};
/* End PBXFrameworksBuildPhase section */

/* Begin PBXGroup section */
		CE9B360B2B099789004DB504 = {
			isa = PBXGroup;
			children = (
				CE9B36162B099789004DB504 /* FeedbackAssistant */,
				CE9B36152B099789004DB504 /* Products */,
			);
			sourceTree = "<group>";
		};
		CE9B36152B099789004DB504 /* Products */ = {
			isa = PBXGroup;
			children = (
				CE9B36142B099789004DB504 /* FeedbackAssistant.app */,
			);
			name = Products;
			sourceTree = "<group>";
		};
		CE9B36162B099789004DB504 /* FeedbackAssistant */ = {
			isa = PBXGroup;
			children = (
				CEFDA93E2B09D89200FADC09 /* Info.plist */,
				CE9B36172B099789004DB504 /* FeedbackAssistantApp.swift */,
				CE9B36192B099789004DB504 /* ContentView.swift */,
				CE395FE42B0C3A0800522A2A /* ContentViewToolbar.swift */,
				CEFDA9492B0A268600FADC09 /* IssueRow.swift */,
				CEFDA93F2B09DDCB00FADC09 /* SidebarView.swift */,
				CE395FE02B0C35F800522A2A /* SidebarViewToolbar.swift */,
				CE395FE82B0C3E3E00522A2A /* SmartFilterRow.swift */,
				CE395FEA2B0C3F0900522A2A /* UserFilterRow.swift */,
				CEFDA9412B09DDE200FADC09 /* DetailView.swift */,
				CEFDA94B2B0A69C000FADC09 /* IssueView.swift */,
				CE395FE22B0C38C800522A2A /* IssueViewToolbar.swift */,
				CE395FE62B0C3C5000522A2A /* TagsMenuView.swift */,
				CEFDA94D2B0A69C800FADC09 /* NoIssueView.swift */,
				CE395FCE2B0B347200522A2A /* AwardView.swift */,
				CE9B36292B09BE68004DB504 /* DataController.swift */,
				CEFDA9432B09DFA300FADC09 /* Filter.swift */,
				CE395FC62B0B2B2500522A2A /* Bundle-Decodable.swift */,
				CE395FCC2B0B339C00522A2A /* Award.swift */,
				CE395FD62B0B7CB100522A2A /* Localizable.strings */,
				CE395FDA2B0B7D4400522A2A /* Localizable.stringsdict */,
				CEFDA9452B0A157300FADC09 /* Issue-CoreDataHelpers.swift */,
				CEFDA9472B0A17B300FADC09 /* Tag-CoreDataHelpers.swift */,
				CE9B36262B09BB09004DB504 /* Main.xcdatamodeld */,
				CE9B361B2B09978A004DB504 /* Assets.xcassets */,
				CE395FDE2B0B7FA700522A2A /* Awards.json */,
				CE395FC82B0B32E700522A2A /* Colors.xcassets */,
				CE9B361D2B09978A004DB504 /* FeedbackAssistant.entitlements */,
				CE9B361E2B09978A004DB504 /* Preview Content */,
			);
			path = FeedbackAssistant;
			sourceTree = "<group>";
		};
		CE9B361E2B09978A004DB504 /* Preview Content */ = {
			isa = PBXGroup;
			children = (
				CE9B361F2B09978A004DB504 /* Preview Assets.xcassets */,
			);
			path = "Preview Content";
			sourceTree = "<group>";
		};
/* End PBXGroup section */

/* Begin PBXNativeTarget section */
		CE9B36132B099789004DB504 /* FeedbackAssistant */ = {
			isa = PBXNativeTarget;
			buildConfigurationList = CE9B36232B09978A004DB504 /* Build configuration list for PBXNativeTarget "FeedbackAssistant" */;
			buildPhases = (
				CE9B36102B099789004DB504 /* Sources */,
				CE9B36112B099789004DB504 /* Frameworks */,
				CE9B36122B099789004DB504 /* Resources */,
			);
			buildRules = (
			);
			dependencies = (
			);
			name = FeedbackAssistant;
			productName = FeedbackAssistant;
			productReference = CE9B36142B099789004DB504 /* FeedbackAssistant.app */;
			productType = "com.apple.product-type.application";
		};
/* End PBXNativeTarget section */

/* Begin PBXProject section */
		CE9B360C2B099789004DB504 /* Project object */ = {
			isa = PBXProject;
			attributes = {
				BuildIndependentTargetsInParallel = 1;
				LastSwiftUpdateCheck = 1500;
				LastUpgradeCheck = 1500;
				TargetAttributes = {
					CE9B36132B099789004DB504 = {
						CreatedOnToolsVersion = 15.0.1;
					};
				};
			};
			buildConfigurationList = CE9B360F2B099789004DB504 /* Build configuration list for PBXProject "FeedbackAssistant" */;
			compatibilityVersion = "Xcode 14.0";
			developmentRegion = en;
			hasScannedForEncodings = 0;
			knownRegions = (
				en,
				Base,
				hu,
			);
			mainGroup = CE9B360B2B099789004DB504;
			productRefGroup = CE9B36152B099789004DB504 /* Products */;
			projectDirPath = "";
			projectRoot = "";
			targets = (
				CE9B36132B099789004DB504 /* FeedbackAssistant */,
			);
		};
/* End PBXProject section */

/* Begin PBXResourcesBuildPhase section */
		CE9B36122B099789004DB504 /* Resources */ = {
			isa = PBXResourcesBuildPhase;
			buildActionMask = 2147483647;
			files = (
				CE395FD42B0B7CB100522A2A /* Localizable.strings in Resources */,
				CE395FCA2B0B32E700522A2A /* Colors.xcassets in Resources */,
				CE395FDC2B0B7FA700522A2A /* Awards.json in Resources */,
				CE9B36202B09978A004DB504 /* Preview Assets.xcassets in Resources */,
				CE9B361C2B09978A004DB504 /* Assets.xcassets in Resources */,
				CE395FD82B0B7D4400522A2A /* Localizable.stringsdict in Resources */,
			);
			runOnlyForDeploymentPostprocessing = 0;
		};
/* End PBXResourcesBuildPhase section */

/* Begin PBXSourcesBuildPhase section */
		CE9B36102B099789004DB504 /* Sources */ = {
			isa = PBXSourcesBuildPhase;
			buildActionMask = 2147483647;
			files = (
				CEFDA9442B09DFA300FADC09 /* Filter.swift in Sources */,
				CE395FE72B0C3C5000522A2A /* TagsMenuView.swift in Sources */,
				CEFDA9482B0A17B300FADC09 /* Tag-CoreDataHelpers.swift in Sources */,
				CE395FE32B0C38C800522A2A /* IssueViewToolbar.swift in Sources */,
				CE395FE92B0C3E3E00522A2A /* SmartFilterRow.swift in Sources */,
				CE9B36282B09BB09004DB504 /* Main.xcdatamodeld in Sources */,
				CEFDA9462B0A157300FADC09 /* Issue-CoreDataHelpers.swift in Sources */,
				CE395FC72B0B2B2500522A2A /* Bundle-Decodable.swift in Sources */,
				CEFDA9422B09DDE200FADC09 /* DetailView.swift in Sources */,
				CE9B362A2B09BE68004DB504 /* DataController.swift in Sources */,
				CEFDA9402B09DDCB00FADC09 /* SidebarView.swift in Sources */,
				CE9B361A2B099789004DB504 /* ContentView.swift in Sources */,
				CE395FE52B0C3A0800522A2A /* ContentViewToolbar.swift in Sources */,
				CE395FCF2B0B347200522A2A /* AwardView.swift in Sources */,
				CEFDA94C2B0A69C000FADC09 /* IssueView.swift in Sources */,
				CE395FE12B0C35F800522A2A /* SidebarViewToolbar.swift in Sources */,
				CEFDA94E2B0A69C800FADC09 /* NoIssueView.swift in Sources */,
				CE395FEB2B0C3F0900522A2A /* UserFilterRow.swift in Sources */,
				CE395FCD2B0B339C00522A2A /* Award.swift in Sources */,
				CEFDA94A2B0A268600FADC09 /* IssueRow.swift in Sources */,
				CE9B36182B099789004DB504 /* FeedbackAssistantApp.swift in Sources */,
			);
			runOnlyForDeploymentPostprocessing = 0;
		};
/* End PBXSourcesBuildPhase section */

/* Begin PBXVariantGroup section */
		CE395FD62B0B7CB100522A2A /* Localizable.strings */ = {
			isa = PBXVariantGroup;
			children = (
				CE395FD52B0B7CB100522A2A /* en */,
				CE395FD72B0B7CC800522A2A /* hu */,
			);
			name = Localizable.strings;
			sourceTree = "<group>";
		};
		CE395FDA2B0B7D4400522A2A /* Localizable.stringsdict */ = {
			isa = PBXVariantGroup;
			children = (
				CE395FD92B0B7D4400522A2A /* en */,
				CE395FDB2B0B7D4500522A2A /* hu */,
			);
			name = Localizable.stringsdict;
			sourceTree = "<group>";
		};
		CE395FDE2B0B7FA700522A2A /* Awards.json */ = {
			isa = PBXVariantGroup;
			children = (
				CE395FDD2B0B7FA700522A2A /* en */,
				CE395FDF2B0B7FAB00522A2A /* hu */,
			);
			name = Awards.json;
			sourceTree = "<group>";
		};
/* End PBXVariantGroup section */

/* Begin XCBuildConfiguration section */
		CE9B36212B09978A004DB504 /* Debug */ = {
			isa = XCBuildConfiguration;
			buildSettings = {
				ALWAYS_SEARCH_USER_PATHS = NO;
				ASSETCATALOG_COMPILER_GENERATE_SWIFT_ASSET_SYMBOL_EXTENSIONS = YES;
				CLANG_ANALYZER_NONNULL = YES;
				CLANG_ANALYZER_NUMBER_OBJECT_CONVERSION = YES_AGGRESSIVE;
				CLANG_CXX_LANGUAGE_STANDARD = "gnu++20";
				CLANG_ENABLE_MODULES = YES;
				CLANG_ENABLE_OBJC_ARC = YES;
				CLANG_ENABLE_OBJC_WEAK = YES;
				CLANG_WARN_BLOCK_CAPTURE_AUTORELEASING = YES;
				CLANG_WARN_BOOL_CONVERSION = YES;
				CLANG_WARN_COMMA = YES;
				CLANG_WARN_CONSTANT_CONVERSION = YES;
				CLANG_WARN_DEPRECATED_OBJC_IMPLEMENTATIONS = YES;
				CLANG_WARN_DIRECT_OBJC_ISA_USAGE = YES_ERROR;
				CLANG_WARN_DOCUMENTATION_COMMENTS = YES;
				CLANG_WARN_EMPTY_BODY = YES;
				CLANG_WARN_ENUM_CONVERSION = YES;
				CLANG_WARN_INFINITE_RECURSION = YES;
				CLANG_WARN_INT_CONVERSION = YES;
				CLANG_WARN_NON_LITERAL_NULL_CONVERSION = YES;
				CLANG_WARN_OBJC_IMPLICIT_RETAIN_SELF = YES;
				CLANG_WARN_OBJC_LITERAL_CONVERSION = YES;
				CLANG_WARN_OBJC_ROOT_CLASS = YES_ERROR;
				CLANG_WARN_QUOTED_INCLUDE_IN_FRAMEWORK_HEADER = YES;
				CLANG_WARN_RANGE_LOOP_ANALYSIS = YES;
				CLANG_WARN_STRICT_PROTOTYPES = YES;
				CLANG_WARN_SUSPICIOUS_MOVE = YES;
				CLANG_WARN_UNGUARDED_AVAILABILITY = YES_AGGRESSIVE;
				CLANG_WARN_UNREACHABLE_CODE = YES;
				CLANG_WARN__DUPLICATE_METHOD_MATCH = YES;
				COPY_PHASE_STRIP = NO;
				DEBUG_INFORMATION_FORMAT = dwarf;
				ENABLE_STRICT_OBJC_MSGSEND = YES;
				ENABLE_TESTABILITY = YES;
				ENABLE_USER_SCRIPT_SANDBOXING = YES;
				GCC_C_LANGUAGE_STANDARD = gnu17;
				GCC_DYNAMIC_NO_PIC = NO;
				GCC_NO_COMMON_BLOCKS = YES;
				GCC_OPTIMIZATION_LEVEL = 0;
				GCC_PREPROCESSOR_DEFINITIONS = (
					"DEBUG=1",
					"$(inherited)",
				);
				GCC_WARN_64_TO_32_BIT_CONVERSION = YES;
				GCC_WARN_ABOUT_RETURN_TYPE = YES_ERROR;
				GCC_WARN_UNDECLARED_SELECTOR = YES;
				GCC_WARN_UNINITIALIZED_AUTOS = YES_AGGRESSIVE;
				GCC_WARN_UNUSED_FUNCTION = YES;
				GCC_WARN_UNUSED_VARIABLE = YES;
				LOCALIZATION_PREFERS_STRING_CATALOGS = YES;
				MTL_ENABLE_DEBUG_INFO = INCLUDE_SOURCE;
				MTL_FAST_MATH = YES;
				ONLY_ACTIVE_ARCH = YES;
				SWIFT_ACTIVE_COMPILATION_CONDITIONS = "DEBUG $(inherited)";
				SWIFT_OPTIMIZATION_LEVEL = "-Onone";
			};
			name = Debug;
		};
		CE9B36222B09978A004DB504 /* Release */ = {
			isa = XCBuildConfiguration;
			buildSettings = {
				ALWAYS_SEARCH_USER_PATHS = NO;
				ASSETCATALOG_COMPILER_GENERATE_SWIFT_ASSET_SYMBOL_EXTENSIONS = YES;
				CLANG_ANALYZER_NONNULL = YES;
				CLANG_ANALYZER_NUMBER_OBJECT_CONVERSION = YES_AGGRESSIVE;
				CLANG_CXX_LANGUAGE_STANDARD = "gnu++20";
				CLANG_ENABLE_MODULES = YES;
				CLANG_ENABLE_OBJC_ARC = YES;
				CLANG_ENABLE_OBJC_WEAK = YES;
				CLANG_WARN_BLOCK_CAPTURE_AUTORELEASING = YES;
				CLANG_WARN_BOOL_CONVERSION = YES;
				CLANG_WARN_COMMA = YES;
				CLANG_WARN_CONSTANT_CONVERSION = YES;
				CLANG_WARN_DEPRECATED_OBJC_IMPLEMENTATIONS = YES;
				CLANG_WARN_DIRECT_OBJC_ISA_USAGE = YES_ERROR;
				CLANG_WARN_DOCUMENTATION_COMMENTS = YES;
				CLANG_WARN_EMPTY_BODY = YES;
				CLANG_WARN_ENUM_CONVERSION = YES;
				CLANG_WARN_INFINITE_RECURSION = YES;
				CLANG_WARN_INT_CONVERSION = YES;
				CLANG_WARN_NON_LITERAL_NULL_CONVERSION = YES;
				CLANG_WARN_OBJC_IMPLICIT_RETAIN_SELF = YES;
				CLANG_WARN_OBJC_LITERAL_CONVERSION = YES;
				CLANG_WARN_OBJC_ROOT_CLASS = YES_ERROR;
				CLANG_WARN_QUOTED_INCLUDE_IN_FRAMEWORK_HEADER = YES;
				CLANG_WARN_RANGE_LOOP_ANALYSIS = YES;
				CLANG_WARN_STRICT_PROTOTYPES = YES;
				CLANG_WARN_SUSPICIOUS_MOVE = YES;
				CLANG_WARN_UNGUARDED_AVAILABILITY = YES_AGGRESSIVE;
				CLANG_WARN_UNREACHABLE_CODE = YES;
				CLANG_WARN__DUPLICATE_METHOD_MATCH = YES;
				COPY_PHASE_STRIP = NO;
				DEBUG_INFORMATION_FORMAT = "dwarf-with-dsym";
				ENABLE_NS_ASSERTIONS = NO;
				ENABLE_STRICT_OBJC_MSGSEND = YES;
				ENABLE_USER_SCRIPT_SANDBOXING = YES;
				GCC_C_LANGUAGE_STANDARD = gnu17;
				GCC_NO_COMMON_BLOCKS = YES;
				GCC_WARN_64_TO_32_BIT_CONVERSION = YES;
				GCC_WARN_ABOUT_RETURN_TYPE = YES_ERROR;
				GCC_WARN_UNDECLARED_SELECTOR = YES;
				GCC_WARN_UNINITIALIZED_AUTOS = YES_AGGRESSIVE;
				GCC_WARN_UNUSED_FUNCTION = YES;
				GCC_WARN_UNUSED_VARIABLE = YES;
				LOCALIZATION_PREFERS_STRING_CATALOGS = YES;
				MTL_ENABLE_DEBUG_INFO = NO;
				MTL_FAST_MATH = YES;
				SWIFT_COMPILATION_MODE = wholemodule;
			};
			name = Release;
		};
		CE9B36242B09978A004DB504 /* Debug */ = {
			isa = XCBuildConfiguration;
			buildSettings = {
				ASSETCATALOG_COMPILER_APPICON_NAME = AppIcon;
				ASSETCATALOG_COMPILER_GLOBAL_ACCENT_COLOR_NAME = AccentColor;
				CODE_SIGN_ENTITLEMENTS = FeedbackAssistant/FeedbackAssistant.entitlements;
				CODE_SIGN_STYLE = Automatic;
				CURRENT_PROJECT_VERSION = 1;
				DEVELOPMENT_ASSET_PATHS = "\"FeedbackAssistant/Preview Content\"";
				DEVELOPMENT_TEAM = YLS6Y3U2Q3;
				ENABLE_PREVIEWS = YES;
				GENERATE_INFOPLIST_FILE = YES;
				INFOPLIST_FILE = FeedbackAssistant/Info.plist;
				"INFOPLIST_KEY_UIApplicationSceneManifest_Generation[sdk=iphoneos*]" = YES;
				"INFOPLIST_KEY_UIApplicationSceneManifest_Generation[sdk=iphonesimulator*]" = YES;
				"INFOPLIST_KEY_UIApplicationSupportsIndirectInputEvents[sdk=iphoneos*]" = YES;
				"INFOPLIST_KEY_UIApplicationSupportsIndirectInputEvents[sdk=iphonesimulator*]" = YES;
				"INFOPLIST_KEY_UILaunchScreen_Generation[sdk=iphoneos*]" = YES;
				"INFOPLIST_KEY_UILaunchScreen_Generation[sdk=iphonesimulator*]" = YES;
				"INFOPLIST_KEY_UIStatusBarStyle[sdk=iphoneos*]" = UIStatusBarStyleDefault;
				"INFOPLIST_KEY_UIStatusBarStyle[sdk=iphonesimulator*]" = UIStatusBarStyleDefault;
				INFOPLIST_KEY_UISupportedInterfaceOrientations_iPad = "UIInterfaceOrientationPortrait UIInterfaceOrientationPortraitUpsideDown UIInterfaceOrientationLandscapeLeft UIInterfaceOrientationLandscapeRight";
				INFOPLIST_KEY_UISupportedInterfaceOrientations_iPhone = "UIInterfaceOrientationPortrait UIInterfaceOrientationLandscapeLeft UIInterfaceOrientationLandscapeRight";
				IPHONEOS_DEPLOYMENT_TARGET = 17.0;
				LD_RUNPATH_SEARCH_PATHS = "@executable_path/Frameworks";
				"LD_RUNPATH_SEARCH_PATHS[sdk=macosx*]" = "@executable_path/../Frameworks";
				MACOSX_DEPLOYMENT_TARGET = 14.0;
				MARKETING_VERSION = 1.0;
				PRODUCT_BUNDLE_IDENTIFIER = com.rashidkc.FeedbackAssistant;
				PRODUCT_NAME = "$(TARGET_NAME)";
				SDKROOT = auto;
				SUPPORTED_PLATFORMS = "iphoneos iphonesimulator macosx";
				SWIFT_EMIT_LOC_STRINGS = YES;
				SWIFT_VERSION = 5.0;
				TARGETED_DEVICE_FAMILY = "1,2";
			};
			name = Debug;
		};
		CE9B36252B09978A004DB504 /* Release */ = {
			isa = XCBuildConfiguration;
			buildSettings = {
				ASSETCATALOG_COMPILER_APPICON_NAME = AppIcon;
				ASSETCATALOG_COMPILER_GLOBAL_ACCENT_COLOR_NAME = AccentColor;
				CODE_SIGN_ENTITLEMENTS = FeedbackAssistant/FeedbackAssistant.entitlements;
				CODE_SIGN_STYLE = Automatic;
				CURRENT_PROJECT_VERSION = 1;
				DEVELOPMENT_ASSET_PATHS = "\"FeedbackAssistant/Preview Content\"";
				DEVELOPMENT_TEAM = YLS6Y3U2Q3;
				ENABLE_PREVIEWS = YES;
				GENERATE_INFOPLIST_FILE = YES;
				INFOPLIST_FILE = FeedbackAssistant/Info.plist;
				"INFOPLIST_KEY_UIApplicationSceneManifest_Generation[sdk=iphoneos*]" = YES;
				"INFOPLIST_KEY_UIApplicationSceneManifest_Generation[sdk=iphonesimulator*]" = YES;
				"INFOPLIST_KEY_UIApplicationSupportsIndirectInputEvents[sdk=iphoneos*]" = YES;
				"INFOPLIST_KEY_UIApplicationSupportsIndirectInputEvents[sdk=iphonesimulator*]" = YES;
				"INFOPLIST_KEY_UILaunchScreen_Generation[sdk=iphoneos*]" = YES;
				"INFOPLIST_KEY_UILaunchScreen_Generation[sdk=iphonesimulator*]" = YES;
				"INFOPLIST_KEY_UIStatusBarStyle[sdk=iphoneos*]" = UIStatusBarStyleDefault;
				"INFOPLIST_KEY_UIStatusBarStyle[sdk=iphonesimulator*]" = UIStatusBarStyleDefault;
				INFOPLIST_KEY_UISupportedInterfaceOrientations_iPad = "UIInterfaceOrientationPortrait UIInterfaceOrientationPortraitUpsideDown UIInterfaceOrientationLandscapeLeft UIInterfaceOrientationLandscapeRight";
				INFOPLIST_KEY_UISupportedInterfaceOrientations_iPhone = "UIInterfaceOrientationPortrait UIInterfaceOrientationLandscapeLeft UIInterfaceOrientationLandscapeRight";
				IPHONEOS_DEPLOYMENT_TARGET = 17.0;
				LD_RUNPATH_SEARCH_PATHS = "@executable_path/Frameworks";
				"LD_RUNPATH_SEARCH_PATHS[sdk=macosx*]" = "@executable_path/../Frameworks";
				MACOSX_DEPLOYMENT_TARGET = 14.0;
				MARKETING_VERSION = 1.0;
				PRODUCT_BUNDLE_IDENTIFIER = com.rashidkc.FeedbackAssistant;
				PRODUCT_NAME = "$(TARGET_NAME)";
				SDKROOT = auto;
				SUPPORTED_PLATFORMS = "iphoneos iphonesimulator macosx";
				SWIFT_EMIT_LOC_STRINGS = YES;
				SWIFT_VERSION = 5.0;
				TARGETED_DEVICE_FAMILY = "1,2";
			};
			name = Release;
		};
/* End XCBuildConfiguration section */

/* Begin XCConfigurationList section */
		CE9B360F2B099789004DB504 /* Build configuration list for PBXProject "FeedbackAssistant" */ = {
			isa = XCConfigurationList;
			buildConfigurations = (
				CE9B36212B09978A004DB504 /* Debug */,
				CE9B36222B09978A004DB504 /* Release */,
			);
			defaultConfigurationIsVisible = 0;
			defaultConfigurationName = Release;
		};
		CE9B36232B09978A004DB504 /* Build configuration list for PBXNativeTarget "FeedbackAssistant" */ = {
			isa = XCConfigurationList;
			buildConfigurations = (
				CE9B36242B09978A004DB504 /* Debug */,
				CE9B36252B09978A004DB504 /* Release */,
			);
			defaultConfigurationIsVisible = 0;
			defaultConfigurationName = Release;
		};
/* End XCConfigurationList section */

/* Begin XCVersionGroup section */
		CE9B36262B09BB09004DB504 /* Main.xcdatamodeld */ = {
			isa = XCVersionGroup;
			children = (
				CE9B36272B09BB09004DB504 /* Main.xcdatamodel */,
			);
			currentVersion = CE9B36272B09BB09004DB504 /* Main.xcdatamodel */;
			path = Main.xcdatamodeld;
			sourceTree = "<group>";
			versionGroupType = wrapper.xcdatamodel;
		};
/* End XCVersionGroup section */
	};
	rootObject = CE9B360C2B099789004DB504 /* Project object */;
}
